
Microsoft Visual Studio Solution File, Format Version 12.00
# Visual Studio Version 17
VisualStudioVersion = 17.3.32929.385
MinimumVisualStudioVersion = 10.0.40219.1
Project("{9A19103F-16F7-4668-BE54-9A1E7A4F7556}") = "bulk-insert-from-json-stream", "bulk-insert-from-json-stream.csproj", "{DE85E89E-84A6-4EE0-8DF5-75891C210905}"
EndProject
Project("{00D1A9C2-B5F0-4AF3-8072-F6C62B433612}") = "Rates", "..\Rates\Rates.sqlproj", "{F5068F73-4392-4B8B-8895-4309669DBC18}"
EndProject
Project("{FAE04EC0-301F-11D3-BF4B-00C04F79EFBC}") = "file-prep", "..\file-prep\file-prep.csproj", "{9726F90A-465A-49FE-8C21-6D026892974D}"
EndProject
Global
	GlobalSection(SolutionConfigurationPlatforms) = preSolution
		Debug|Any CPU = Debug|Any CPU
		Release|Any CPU = Release|Any CPU
	EndGlobalSection
	GlobalSection(ProjectConfigurationPlatforms) = postSolution
		{DE85E89E-84A6-4EE0-8DF5-75891C210905}.Debug|Any CPU.ActiveCfg = Debug|Any CPU
		{DE85E89E-84A6-4EE0-8DF5-75891C210905}.Debug|Any CPU.Build.0 = Debug|Any CPU
		{DE85E89E-84A6-4EE0-8DF5-75891C210905}.Release|Any CPU.ActiveCfg = Release|Any CPU
		{DE85E89E-84A6-4EE0-8DF5-75891C210905}.Release|Any CPU.Build.0 = Release|Any CPU
		{F5068F73-4392-4B8B-8895-4309669DBC18}.Debug|Any CPU.ActiveCfg = Debug|Any CPU
		{F5068F73-4392-4B8B-8895-4309669DBC18}.Debug|Any CPU.Build.0 = Debug|Any CPU
		{F5068F73-4392-4B8B-8895-4309669DBC18}.Debug|Any CPU.Deploy.0 = Debug|Any CPU
		{F5068F73-4392-4B8B-8895-4309669DBC18}.Release|Any CPU.ActiveCfg = Release|Any CPU
		{F5068F73-4392-4B8B-8895-4309669DBC18}.Release|Any CPU.Build.0 = Release|Any CPU
		{F5068F73-4392-4B8B-8895-4309669DBC18}.Release|Any CPU.Deploy.0 = Release|Any CPU
		{9726F90A-465A-49FE-8C21-6D026892974D}.Debug|Any CPU.ActiveCfg = Debug|Any CPU
		{9726F90A-465A-49FE-8C21-6D026892974D}.Debug|Any CPU.Build.0 = Debug|Any CPU
		{9726F90A-465A-49FE-8C21-6D026892974D}.Release|Any CPU.ActiveCfg = Release|Any CPU
		{9726F90A-465A-49FE-8C21-6D026892974D}.Release|Any CPU.Build.0 = Release|Any CPU
	EndGlobalSection
	GlobalSection(SolutionProperties) = preSolution
		HideSolutionNode = FALSE
	EndGlobalSection
	GlobalSection(ExtensibilityGlobals) = postSolution
		SolutionGuid = {4B7445FF-2F9F-4654-8ACF-51CEF6EBF791}
	EndGlobalSection
EndGlobal
