
Microsoft Visual Studio Solution File, Format Version 12.00
# Visual Studio Version 16
VisualStudioVersion = 16.0.29709.97
MinimumVisualStudioVersion = 10.0.40219.1
Project("{FAE04EC0-301F-11D3-BF4B-00C04F79EFBC}") = "ConsoleApp3", "ConsoleApp3.csproj", "{689C28C1-90E5-4C15-B3F3-EF70F7C1C76D}"
EndProject
Global
	GlobalSection(SolutionConfigurationPlatforms) = preSolution
		Debug|Any CPU = Debug|Any CPU
		Release|Any CPU = Release|Any CPU
	EndGlobalSection
	GlobalSection(ProjectConfigurationPlatforms) = postSolution
		{689C28C1-90E5-4C15-B3F3-EF70F7C1C76D}.Debug|Any CPU.ActiveCfg = Debug|Any CPU
		{689C28C1-90E5-4C15-B3F3-EF70F7C1C76D}.Debug|Any CPU.Build.0 = Debug|Any CPU
		{689C28C1-90E5-4C15-B3F3-EF70F7C1C76D}.Release|Any CPU.ActiveCfg = Release|Any CPU
		{689C28C1-90E5-4C15-B3F3-EF70F7C1C76D}.Release|Any CPU.Build.0 = Release|Any CPU
	EndGlobalSection
	GlobalSection(SolutionProperties) = preSolution
		HideSolutionNode = FALSE
	EndGlobalSection
	GlobalSection(ExtensibilityGlobals) = postSolution
		SolutionGuid = {4B7445FF-2F9F-4654-8ACF-51CEF6EBF791}
	EndGlobalSection
EndGlobal
