
Microsoft Visual Studio Solution File, Format Version 12.00
# Visual Studio Version 17
VisualStudioVersion = 17.3.32929.385
MinimumVisualStudioVersion = 10.0.40219.1
Project("{9A19103F-16F7-4668-BE54-9A1E7A4F7556}") = "bulk-insert-from-json-stream", "bulk-insert-from-json-stream\bulk-insert-from-json-stream.csproj", "{A3BDA680-520E-4D7B-9427-AC8BDC4E88BB}"
EndProject
Project("{9A19103F-16F7-4668-BE54-9A1E7A4F7556}") = "file-prep", "file-prep\file-prep.csproj", "{76BE42B0-A46B-42B8-B419-974001F21C2A}"
EndProject
Project("{00D1A9C2-B5F0-4AF3-8072-F6C62B433612}") = "Rates", "Rates\Rates.sqlproj", "{F5068F73-4392-4B8B-8895-4309669DBC18}"
EndProject
Global
	GlobalSection(SolutionConfigurationPlatforms) = preSolution
		Debug|Any CPU = Debug|Any CPU
		Release|Any CPU = Release|Any CPU
	EndGlobalSection
	GlobalSection(ProjectConfigurationPlatforms) = postSolution
		{A3BDA680-520E-4D7B-9427-AC8BDC4E88BB}.Debug|Any CPU.ActiveCfg = Debug|Any CPU
		{A3BDA680-520E-4D7B-9427-AC8BDC4E88BB}.Debug|Any CPU.Build.0 = Debug|Any CPU
		{A3BDA680-520E-4D7B-9427-AC8BDC4E88BB}.Release|Any CPU.ActiveCfg = Release|Any CPU
		{A3BDA680-520E-4D7B-9427-AC8BDC4E88BB}.Release|Any CPU.Build.0 = Release|Any CPU
		{76BE42B0-A46B-42B8-B419-974001F21C2A}.Debug|Any CPU.ActiveCfg = Debug|Any CPU
		{76BE42B0-A46B-42B8-B419-974001F21C2A}.Debug|Any CPU.Build.0 = Debug|Any CPU
		{76BE42B0-A46B-42B8-B419-974001F21C2A}.Release|Any CPU.ActiveCfg = Release|Any CPU
		{76BE42B0-A46B-42B8-B419-974001F21C2A}.Release|Any CPU.Build.0 = Release|Any CPU
		{F5068F73-4392-4B8B-8895-4309669DBC18}.Debug|Any CPU.ActiveCfg = Debug|Any CPU
		{F5068F73-4392-4B8B-8895-4309669DBC18}.Debug|Any CPU.Build.0 = Debug|Any CPU
		{F5068F73-4392-4B8B-8895-4309669DBC18}.Debug|Any CPU.Deploy.0 = Debug|Any CPU
		{F5068F73-4392-4B8B-8895-4309669DBC18}.Release|Any CPU.ActiveCfg = Release|Any CPU
		{F5068F73-4392-4B8B-8895-4309669DBC18}.Release|Any CPU.Build.0 = Release|Any CPU
		{F5068F73-4392-4B8B-8895-4309669DBC18}.Release|Any CPU.Deploy.0 = Release|Any CPU
	EndGlobalSection
	GlobalSection(SolutionProperties) = preSolution
		HideSolutionNode = FALSE
	EndGlobalSection
	GlobalSection(ExtensibilityGlobals) = postSolution
		SolutionGuid = {4B7445FF-2F9F-4654-8ACF-51CEF6EBF791}
	EndGlobalSection
EndGlobal
